
Microsoft Visual Studio Solution File, Format Version 11.00
# Visual Studio 2010
Project("{FAE04EC0-301F-11D3-BF4B-00C04F79EFBC}") = "Sproutcore2Todo", "Sproutcore2Todo\Sproutcore2Todo.csproj", "{F93108B7-718A-46F0-A93B-07D26FEC0BAF}"
EndProject
Global
	GlobalSection(SolutionConfigurationPlatforms) = preSolution
		Debug|Any CPU = Debug|Any CPU
		Release|Any CPU = Release|Any CPU
	EndGlobalSection
	GlobalSection(ProjectConfigurationPlatforms) = postSolution
		{F93108B7-718A-46F0-A93B-07D26FEC0BAF}.Debug|Any CPU.ActiveCfg = Debug|Any CPU
		{F93108B7-718A-46F0-A93B-07D26FEC0BAF}.Debug|Any CPU.Build.0 = Debug|Any CPU
		{F93108B7-718A-46F0-A93B-07D26FEC0BAF}.Release|Any CPU.ActiveCfg = Release|Any CPU
		{F93108B7-718A-46F0-A93B-07D26FEC0BAF}.Release|Any CPU.Build.0 = Release|Any CPU
	EndGlobalSection
	GlobalSection(SolutionProperties) = preSolution
		HideSolutionNode = FALSE
	EndGlobalSection
EndGlobal
